
Microsoft Visual Studio Solution File, Format Version 12.00
# Visual Studio 15
VisualStudioVersion = 15.0.28307.1267
MinimumVisualStudioVersion = 10.0.40219.1
Project("{8BC9CEB8-8B4A-11D0-8D11-00A0C91BC942}") = "TemplateSFML", "TemplateSFML.vcxproj", "{8D0E226A-2C99-4D73-B129-72D98667B09D}"
EndProject
Project("{2150E333-8FDC-42A3-9474-1A3956D46DE8}") = "Solution Items", "Solution Items", "{0BDC8B63-29DF-4EDC-8930-D73D57E46BE9}"
	ProjectSection(SolutionItems) = preProject
		main.cpp = main.cpp
	EndProjectSection
EndProject
Global
	GlobalSection(SolutionConfigurationPlatforms) = preSolution
		Debug|x64 = Debug|x64
		Release|x64 = Release|x64
	EndGlobalSection
	GlobalSection(ProjectConfigurationPlatforms) = postSolution
		{8D0E226A-2C99-4D73-B129-72D98667B09D}.Debug|x64.ActiveCfg = Debug|x64
		{8D0E226A-2C99-4D73-B129-72D98667B09D}.Debug|x64.Build.0 = Debug|x64
		{8D0E226A-2C99-4D73-B129-72D98667B09D}.Release|x64.ActiveCfg = Release|x64
		{8D0E226A-2C99-4D73-B129-72D98667B09D}.Release|x64.Build.0 = Release|x64
	EndGlobalSection
	GlobalSection(SolutionProperties) = preSolution
		HideSolutionNode = FALSE
	EndGlobalSection
	GlobalSection(ExtensibilityGlobals) = postSolution
		SolutionGuid = {12C36ECD-B790-42EB-951A-143D45B1AB14}
	EndGlobalSection
EndGlobal
